
Microsoft Visual Studio Solution File, Format Version 12.00
# Visual Studio Version 17
VisualStudioVersion = 17.8.34525.116
MinimumVisualStudioVersion = 10.0.40219.1
Project("{FAE04EC0-301F-11D3-BF4B-00C04F79EFBC}") = "RECETAS", "RECETAS.csproj", "{F662863A-D46F-4440-B4C8-71849D02AA65}"
EndProject
Global
	GlobalSection(SolutionConfigurationPlatforms) = preSolution
		Debug|Any CPU = Debug|Any CPU
		Release|Any CPU = Release|Any CPU
	EndGlobalSection
	GlobalSection(ProjectConfigurationPlatforms) = postSolution
		{F662863A-D46F-4440-B4C8-71849D02AA65}.Debug|Any CPU.ActiveCfg = Debug|Any CPU
		{F662863A-D46F-4440-B4C8-71849D02AA65}.Debug|Any CPU.Build.0 = Debug|Any CPU
		{F662863A-D46F-4440-B4C8-71849D02AA65}.Release|Any CPU.ActiveCfg = Release|Any CPU
		{F662863A-D46F-4440-B4C8-71849D02AA65}.Release|Any CPU.Build.0 = Release|Any CPU
	EndGlobalSection
	GlobalSection(SolutionProperties) = preSolution
		HideSolutionNode = FALSE
	EndGlobalSection
	GlobalSection(ExtensibilityGlobals) = postSolution
		SolutionGuid = {AEE6A2F6-7BC7-4C90-8EE9-3A2290235AF8}
	EndGlobalSection
EndGlobal
